
Microsoft Visual Studio Solution File, Format Version 12.00
# Visual Studio 15
VisualStudioVersion = 15.0.28307.1022
MinimumVisualStudioVersion = 10.0.40219.1
Project("{FAE04EC0-301F-11D3-BF4B-00C04F79EFBC}") = "JSONDataValidationDemo1", "JSONDataValidationDemo1\JSONDataValidationDemo1.csproj", "{083F4949-0279-4E04-8AF5-94ADDB78492A}"
EndProject
Global
	GlobalSection(SolutionConfigurationPlatforms) = preSolution
		Debug|Any CPU = Debug|Any CPU
		Release|Any CPU = Release|Any CPU
	EndGlobalSection
	GlobalSection(ProjectConfigurationPlatforms) = postSolution
		{083F4949-0279-4E04-8AF5-94ADDB78492A}.Debug|Any CPU.ActiveCfg = Debug|Any CPU
		{083F4949-0279-4E04-8AF5-94ADDB78492A}.Debug|Any CPU.Build.0 = Debug|Any CPU
		{083F4949-0279-4E04-8AF5-94ADDB78492A}.Release|Any CPU.ActiveCfg = Release|Any CPU
		{083F4949-0279-4E04-8AF5-94ADDB78492A}.Release|Any CPU.Build.0 = Release|Any CPU
	EndGlobalSection
	GlobalSection(SolutionProperties) = preSolution
		HideSolutionNode = FALSE
	EndGlobalSection
	GlobalSection(ExtensibilityGlobals) = postSolution
		SolutionGuid = {5CD7151C-370F-4029-931B-0D0BB5D66B35}
	EndGlobalSection
EndGlobal
